
Microsoft Visual Studio Solution File, Format Version 12.00
# Visual Studio Version 16
VisualStudioVersion = 16.0.31321.278
MinimumVisualStudioVersion = 10.0.40219.1
Project("{9A19103F-16F7-4668-BE54-9A1E7A4F7556}") = "APP", "APP\APP.csproj", "{09ED6F5D-CCCF-4817-B7C3-7BBA9159ECD6}"
EndProject
Project("{9A19103F-16F7-4668-BE54-9A1E7A4F7556}") = "Test", "TestListas\Test.csproj", "{FB828AF1-70A8-47EB-8C27-9AF1BB205F29}"
EndProject
Project("{9A19103F-16F7-4668-BE54-9A1E7A4F7556}") = "Colecciones", "Conjuntos\Colecciones.csproj", "{B0764943-307A-4B30-A1E0-AE9681112681}"
EndProject
Global
	GlobalSection(SolutionConfigurationPlatforms) = preSolution
		Debug|Any CPU = Debug|Any CPU
		Release|Any CPU = Release|Any CPU
	EndGlobalSection
	GlobalSection(ProjectConfigurationPlatforms) = postSolution
		{09ED6F5D-CCCF-4817-B7C3-7BBA9159ECD6}.Debug|Any CPU.ActiveCfg = Debug|Any CPU
		{09ED6F5D-CCCF-4817-B7C3-7BBA9159ECD6}.Debug|Any CPU.Build.0 = Debug|Any CPU
		{09ED6F5D-CCCF-4817-B7C3-7BBA9159ECD6}.Release|Any CPU.ActiveCfg = Release|Any CPU
		{09ED6F5D-CCCF-4817-B7C3-7BBA9159ECD6}.Release|Any CPU.Build.0 = Release|Any CPU
		{FB828AF1-70A8-47EB-8C27-9AF1BB205F29}.Debug|Any CPU.ActiveCfg = Debug|Any CPU
		{FB828AF1-70A8-47EB-8C27-9AF1BB205F29}.Debug|Any CPU.Build.0 = Debug|Any CPU
		{FB828AF1-70A8-47EB-8C27-9AF1BB205F29}.Release|Any CPU.ActiveCfg = Release|Any CPU
		{FB828AF1-70A8-47EB-8C27-9AF1BB205F29}.Release|Any CPU.Build.0 = Release|Any CPU
		{B0764943-307A-4B30-A1E0-AE9681112681}.Debug|Any CPU.ActiveCfg = Debug|Any CPU
		{B0764943-307A-4B30-A1E0-AE9681112681}.Debug|Any CPU.Build.0 = Debug|Any CPU
		{B0764943-307A-4B30-A1E0-AE9681112681}.Release|Any CPU.ActiveCfg = Release|Any CPU
		{B0764943-307A-4B30-A1E0-AE9681112681}.Release|Any CPU.Build.0 = Release|Any CPU
	EndGlobalSection
	GlobalSection(SolutionProperties) = preSolution
		HideSolutionNode = FALSE
	EndGlobalSection
	GlobalSection(ExtensibilityGlobals) = postSolution
		SolutionGuid = {1D62B3EB-CB2B-4AC6-81D3-D52B187AA67B}
	EndGlobalSection
EndGlobal
